
Microsoft Visual Studio Solution File, Format Version 12.00
# Visual Studio 15
VisualStudioVersion = 15.0.28010.2050
MinimumVisualStudioVersion = 10.0.40219.1
Project("{9A19103F-16F7-4668-BE54-9A1E7A4F7556}") = "samsung-api", "samsung-api\samsung-api.csproj", "{1681AE41-C8CD-4031-BEA6-8C2220F7247C}"
EndProject
Project("{9A19103F-16F7-4668-BE54-9A1E7A4F7556}") = "Samsung-Api-Aws", "Samsung-Api-Aws\Samsung-Api-Aws.csproj", "{C8AAC20F-B8B9-45EE-B6C7-C5925F63C7CB}"
EndProject
Global
	GlobalSection(SolutionConfigurationPlatforms) = preSolution
		Debug|Any CPU = Debug|Any CPU
		Release|Any CPU = Release|Any CPU
	EndGlobalSection
	GlobalSection(ProjectConfigurationPlatforms) = postSolution
		{1681AE41-C8CD-4031-BEA6-8C2220F7247C}.Debug|Any CPU.ActiveCfg = Debug|Any CPU
		{1681AE41-C8CD-4031-BEA6-8C2220F7247C}.Debug|Any CPU.Build.0 = Debug|Any CPU
		{1681AE41-C8CD-4031-BEA6-8C2220F7247C}.Release|Any CPU.ActiveCfg = Release|Any CPU
		{1681AE41-C8CD-4031-BEA6-8C2220F7247C}.Release|Any CPU.Build.0 = Release|Any CPU
		{C8AAC20F-B8B9-45EE-B6C7-C5925F63C7CB}.Debug|Any CPU.ActiveCfg = Debug|Any CPU
		{C8AAC20F-B8B9-45EE-B6C7-C5925F63C7CB}.Debug|Any CPU.Build.0 = Debug|Any CPU
		{C8AAC20F-B8B9-45EE-B6C7-C5925F63C7CB}.Release|Any CPU.ActiveCfg = Release|Any CPU
		{C8AAC20F-B8B9-45EE-B6C7-C5925F63C7CB}.Release|Any CPU.Build.0 = Release|Any CPU
	EndGlobalSection
	GlobalSection(SolutionProperties) = preSolution
		HideSolutionNode = FALSE
	EndGlobalSection
	GlobalSection(ExtensibilityGlobals) = postSolution
		SolutionGuid = {A2D3CC6B-7A8F-4F6E-B055-A3E165F5753D}
	EndGlobalSection
EndGlobal
