
Microsoft Visual Studio Solution File, Format Version 12.00
# Visual Studio 15
VisualStudioVersion = 15.0.28010.2048
MinimumVisualStudioVersion = 10.0.40219.1
Project("{FAE04EC0-301F-11D3-BF4B-00C04F79EFBC}") = "SchoolLink", "SchoolLink\SchoolLink.csproj", "{0358E1E6-5524-4149-9832-FB27289D0E28}"
EndProject
Global
	GlobalSection(SolutionConfigurationPlatforms) = preSolution
		Debug|Any CPU = Debug|Any CPU
		Release|Any CPU = Release|Any CPU
	EndGlobalSection
	GlobalSection(ProjectConfigurationPlatforms) = postSolution
		{0358E1E6-5524-4149-9832-FB27289D0E28}.Debug|Any CPU.ActiveCfg = Debug|Any CPU
		{0358E1E6-5524-4149-9832-FB27289D0E28}.Debug|Any CPU.Build.0 = Debug|Any CPU
		{0358E1E6-5524-4149-9832-FB27289D0E28}.Release|Any CPU.ActiveCfg = Release|Any CPU
		{0358E1E6-5524-4149-9832-FB27289D0E28}.Release|Any CPU.Build.0 = Release|Any CPU
	EndGlobalSection
	GlobalSection(SolutionProperties) = preSolution
		HideSolutionNode = FALSE
	EndGlobalSection
	GlobalSection(ExtensibilityGlobals) = postSolution
		SolutionGuid = {0DEAAF60-3D14-455D-B402-6865A51FE3BA}
	EndGlobalSection
EndGlobal
